{
  "nodes": {
    "nh": {
      "inputs": {
        "nixpkgs": "nixpkgs"
      },
      "locked": {
        "lastModified": 1766844370,
        "narHash": "sha256-bu/Z5+2oqxyWaSRvbTVqpO3PxI06ZGrXgSqEW6nJLsI=",
        "owner": "viperml",
        "repo": "nh",
        "rev": "2f527ef962f9caeadfe95fe6c0dbc6b614dfae36",
        "type": "github"
      },
      "original": {
        "owner": "viperml",
        "repo": "nh",
        "type": "github"
      }
    },
    "nixpkgs": {
      "locked": {
        "lastModified": 1766736597,
        "narHash": "sha256-BASnpCLodmgiVn0M1MU2Pqyoz0aHwar/0qLkp7CjvSQ=",
        "owner": "NixOS",
        "repo": "nixpkgs",
        "rev": "f560ccec6b1116b22e6ed15f4c510997d99d5852",
        "type": "github"
      },
      "original": {
        "owner": "NixOS",
        "ref": "nixos-25.11",
        "repo": "nixpkgs",
        "type": "github"
      }
    },
    "nixpkgs_2": {
      "locked": {
        "lastModified": 1767210689,
        "narHash": "sha256-7NdUf2AJXd1eg+AzcNfrh4A5e60eNELK9AeSW6Xi/A8=",
        "owner": "NixOS",
        "repo": "nixpkgs",
        "rev": "fe575ad78fa6df638340aa673ea84709c5bd5da0",
        "type": "github"
      },
      "original": {
        "owner": "NixOS",
        "ref": "nixpkgs-unstable",
        "repo": "nixpkgs",
        "type": "github"
      }
    },
    "root": {
      "inputs": {
        "nh": "nh",
        "nixpkgs": "nixpkgs_2"
      }
    }
  },
  "root": "root",
  "version": 7
}
